
Microsoft Visual Studio Solution File, Format Version 12.00
# Visual Studio 14
VisualStudioVersion = 14.0.25420.1
MinimumVisualStudioVersion = 10.0.40219.1
Project("{8BC9CEB8-8B4A-11D0-8D11-00A0C91BC942}") = "header", "header\header.vcxproj", "{718FF087-4E59-42BE-9FCA-29AA62CDABA9}"
EndProject
Project("{8BC9CEB8-8B4A-11D0-8D11-00A0C91BC942}") = "FEWizard", "fewizard\FEWizard.vcxproj", "{E8D09E0D-780B-4D85-B0CC-4567D91FBEAF}"
EndProject
Project("{8BC9CEB8-8B4A-11D0-8D11-00A0C91BC942}") = "MakeSFX", "makesfx\MakeSFX.vcxproj", "{B241BF94-A01F-4F63-9BEB-E9D80D4C7C93}"
EndProject
Global
	GlobalSection(SolutionConfigurationPlatforms) = preSolution
		Debug_CAB|Win32 = Debug_CAB|Win32
		Debug_CAB|x64 = Debug_CAB|x64
		Debug_ZPAQ|Win32 = Debug_ZPAQ|Win32
		Debug_ZPAQ|x64 = Debug_ZPAQ|x64
		Debug|Win32 = Debug|Win32
		Debug|x64 = Debug|x64
		Release_CAB|Win32 = Release_CAB|Win32
		Release_CAB|x64 = Release_CAB|x64
		Release_ZPAQ|Win32 = Release_ZPAQ|Win32
		Release_ZPAQ|x64 = Release_ZPAQ|x64
		Release|Win32 = Release|Win32
		Release|x64 = Release|x64
	EndGlobalSection
	GlobalSection(ProjectConfigurationPlatforms) = postSolution
		{718FF087-4E59-42BE-9FCA-29AA62CDABA9}.Debug_CAB|Win32.ActiveCfg = Debug_CAB|Win32
		{718FF087-4E59-42BE-9FCA-29AA62CDABA9}.Debug_CAB|Win32.Build.0 = Debug_CAB|Win32
		{718FF087-4E59-42BE-9FCA-29AA62CDABA9}.Debug_CAB|x64.ActiveCfg = Debug_CAB|x64
		{718FF087-4E59-42BE-9FCA-29AA62CDABA9}.Debug_CAB|x64.Build.0 = Debug_CAB|x64
		{718FF087-4E59-42BE-9FCA-29AA62CDABA9}.Debug_ZPAQ|Win32.ActiveCfg = Debug_ZPAQ|Win32
		{718FF087-4E59-42BE-9FCA-29AA62CDABA9}.Debug_ZPAQ|Win32.Build.0 = Debug_ZPAQ|Win32
		{718FF087-4E59-42BE-9FCA-29AA62CDABA9}.Debug_ZPAQ|x64.ActiveCfg = Debug_ZPAQ|x64
		{718FF087-4E59-42BE-9FCA-29AA62CDABA9}.Debug_ZPAQ|x64.Build.0 = Debug_ZPAQ|x64
		{718FF087-4E59-42BE-9FCA-29AA62CDABA9}.Debug|Win32.ActiveCfg = Debug|Win32
		{718FF087-4E59-42BE-9FCA-29AA62CDABA9}.Debug|Win32.Build.0 = Debug|Win32
		{718FF087-4E59-42BE-9FCA-29AA62CDABA9}.Debug|x64.ActiveCfg = Debug|x64
		{718FF087-4E59-42BE-9FCA-29AA62CDABA9}.Debug|x64.Build.0 = Debug|x64
		{718FF087-4E59-42BE-9FCA-29AA62CDABA9}.Release_CAB|Win32.ActiveCfg = Release_CAB|Win32
		{718FF087-4E59-42BE-9FCA-29AA62CDABA9}.Release_CAB|Win32.Build.0 = Release_CAB|Win32
		{718FF087-4E59-42BE-9FCA-29AA62CDABA9}.Release_CAB|x64.ActiveCfg = Release_CAB|x64
		{718FF087-4E59-42BE-9FCA-29AA62CDABA9}.Release_CAB|x64.Build.0 = Release_CAB|x64
		{718FF087-4E59-42BE-9FCA-29AA62CDABA9}.Release_ZPAQ|Win32.ActiveCfg = Release_ZPAQ|Win32
		{718FF087-4E59-42BE-9FCA-29AA62CDABA9}.Release_ZPAQ|Win32.Build.0 = Release_ZPAQ|Win32
		{718FF087-4E59-42BE-9FCA-29AA62CDABA9}.Release_ZPAQ|x64.ActiveCfg = Release_ZPAQ|x64
		{718FF087-4E59-42BE-9FCA-29AA62CDABA9}.Release_ZPAQ|x64.Build.0 = Release_ZPAQ|x64
		{718FF087-4E59-42BE-9FCA-29AA62CDABA9}.Release|Win32.ActiveCfg = Release|Win32
		{718FF087-4E59-42BE-9FCA-29AA62CDABA9}.Release|Win32.Build.0 = Release|Win32
		{718FF087-4E59-42BE-9FCA-29AA62CDABA9}.Release|x64.ActiveCfg = Release|x64
		{718FF087-4E59-42BE-9FCA-29AA62CDABA9}.Release|x64.Build.0 = Release|x64
		{E8D09E0D-780B-4D85-B0CC-4567D91FBEAF}.Debug_CAB|Win32.ActiveCfg = Debug|Win32
		{E8D09E0D-780B-4D85-B0CC-4567D91FBEAF}.Debug_CAB|Win32.Build.0 = Debug|Win32
		{E8D09E0D-780B-4D85-B0CC-4567D91FBEAF}.Debug_CAB|x64.ActiveCfg = Debug|x64
		{E8D09E0D-780B-4D85-B0CC-4567D91FBEAF}.Debug_CAB|x64.Build.0 = Debug|x64
		{E8D09E0D-780B-4D85-B0CC-4567D91FBEAF}.Debug_ZPAQ|Win32.ActiveCfg = Debug_ZPAQ|Win32
		{E8D09E0D-780B-4D85-B0CC-4567D91FBEAF}.Debug_ZPAQ|Win32.Build.0 = Debug_ZPAQ|Win32
		{E8D09E0D-780B-4D85-B0CC-4567D91FBEAF}.Debug_ZPAQ|x64.ActiveCfg = Debug_ZPAQ|x64
		{E8D09E0D-780B-4D85-B0CC-4567D91FBEAF}.Debug_ZPAQ|x64.Build.0 = Debug_ZPAQ|x64
		{E8D09E0D-780B-4D85-B0CC-4567D91FBEAF}.Debug|Win32.ActiveCfg = Debug|Win32
		{E8D09E0D-780B-4D85-B0CC-4567D91FBEAF}.Debug|Win32.Build.0 = Debug|Win32
		{E8D09E0D-780B-4D85-B0CC-4567D91FBEAF}.Debug|x64.ActiveCfg = Debug|x64
		{E8D09E0D-780B-4D85-B0CC-4567D91FBEAF}.Debug|x64.Build.0 = Debug|x64
		{E8D09E0D-780B-4D85-B0CC-4567D91FBEAF}.Release_CAB|Win32.ActiveCfg = Release|Win32
		{E8D09E0D-780B-4D85-B0CC-4567D91FBEAF}.Release_CAB|Win32.Build.0 = Release|Win32
		{E8D09E0D-780B-4D85-B0CC-4567D91FBEAF}.Release_CAB|x64.ActiveCfg = Release|x64
		{E8D09E0D-780B-4D85-B0CC-4567D91FBEAF}.Release_CAB|x64.Build.0 = Release|x64
		{E8D09E0D-780B-4D85-B0CC-4567D91FBEAF}.Release_ZPAQ|Win32.ActiveCfg = Release_ZPAQ|Win32
		{E8D09E0D-780B-4D85-B0CC-4567D91FBEAF}.Release_ZPAQ|Win32.Build.0 = Release_ZPAQ|Win32
		{E8D09E0D-780B-4D85-B0CC-4567D91FBEAF}.Release_ZPAQ|x64.ActiveCfg = Release_ZPAQ|x64
		{E8D09E0D-780B-4D85-B0CC-4567D91FBEAF}.Release_ZPAQ|x64.Build.0 = Release_ZPAQ|x64
		{E8D09E0D-780B-4D85-B0CC-4567D91FBEAF}.Release|Win32.ActiveCfg = Release|Win32
		{E8D09E0D-780B-4D85-B0CC-4567D91FBEAF}.Release|Win32.Build.0 = Release|Win32
		{E8D09E0D-780B-4D85-B0CC-4567D91FBEAF}.Release|x64.ActiveCfg = Release|x64
		{E8D09E0D-780B-4D85-B0CC-4567D91FBEAF}.Release|x64.Build.0 = Release|x64
		{B241BF94-A01F-4F63-9BEB-E9D80D4C7C93}.Debug_CAB|Win32.ActiveCfg = Debug|Win32
		{B241BF94-A01F-4F63-9BEB-E9D80D4C7C93}.Debug_CAB|Win32.Build.0 = Debug|Win32
		{B241BF94-A01F-4F63-9BEB-E9D80D4C7C93}.Debug_CAB|x64.ActiveCfg = Debug|x64
		{B241BF94-A01F-4F63-9BEB-E9D80D4C7C93}.Debug_CAB|x64.Build.0 = Debug|x64
		{B241BF94-A01F-4F63-9BEB-E9D80D4C7C93}.Debug_ZPAQ|Win32.ActiveCfg = Debug_ZPAQ|Win32
		{B241BF94-A01F-4F63-9BEB-E9D80D4C7C93}.Debug_ZPAQ|Win32.Build.0 = Debug_ZPAQ|Win32
		{B241BF94-A01F-4F63-9BEB-E9D80D4C7C93}.Debug_ZPAQ|x64.ActiveCfg = Debug_ZPAQ|x64
		{B241BF94-A01F-4F63-9BEB-E9D80D4C7C93}.Debug_ZPAQ|x64.Build.0 = Debug_ZPAQ|x64
		{B241BF94-A01F-4F63-9BEB-E9D80D4C7C93}.Debug|Win32.ActiveCfg = Debug|Win32
		{B241BF94-A01F-4F63-9BEB-E9D80D4C7C93}.Debug|Win32.Build.0 = Debug|Win32
		{B241BF94-A01F-4F63-9BEB-E9D80D4C7C93}.Debug|x64.ActiveCfg = Debug|x64
		{B241BF94-A01F-4F63-9BEB-E9D80D4C7C93}.Debug|x64.Build.0 = Debug|x64
		{B241BF94-A01F-4F63-9BEB-E9D80D4C7C93}.Release_CAB|Win32.ActiveCfg = Release|Win32
		{B241BF94-A01F-4F63-9BEB-E9D80D4C7C93}.Release_CAB|Win32.Build.0 = Release|Win32
		{B241BF94-A01F-4F63-9BEB-E9D80D4C7C93}.Release_CAB|x64.ActiveCfg = Release|x64
		{B241BF94-A01F-4F63-9BEB-E9D80D4C7C93}.Release_CAB|x64.Build.0 = Release|x64
		{B241BF94-A01F-4F63-9BEB-E9D80D4C7C93}.Release_ZPAQ|Win32.ActiveCfg = Release_ZPAQ|Win32
		{B241BF94-A01F-4F63-9BEB-E9D80D4C7C93}.Release_ZPAQ|Win32.Build.0 = Release_ZPAQ|Win32
		{B241BF94-A01F-4F63-9BEB-E9D80D4C7C93}.Release_ZPAQ|x64.ActiveCfg = Release_ZPAQ|x64
		{B241BF94-A01F-4F63-9BEB-E9D80D4C7C93}.Release_ZPAQ|x64.Build.0 = Release_ZPAQ|x64
		{B241BF94-A01F-4F63-9BEB-E9D80D4C7C93}.Release|Win32.ActiveCfg = Release|Win32
		{B241BF94-A01F-4F63-9BEB-E9D80D4C7C93}.Release|Win32.Build.0 = Release|Win32
		{B241BF94-A01F-4F63-9BEB-E9D80D4C7C93}.Release|x64.ActiveCfg = Release|x64
		{B241BF94-A01F-4F63-9BEB-E9D80D4C7C93}.Release|x64.Build.0 = Release|x64
	EndGlobalSection
	GlobalSection(SolutionProperties) = preSolution
		HideSolutionNode = FALSE
	EndGlobalSection
	GlobalSection(ExtensibilityGlobals) = postSolution
		SolutionGuid = {125640FF-6922-4D0B-BE9D-8ADDEAE5D3E8}
	EndGlobalSection
EndGlobal
