
Microsoft Visual Studio Solution File, Format Version 10.00
# Visual Studio 2008
Project("{8BC9CEB8-8B4A-11D0-8D11-00A0C91BC942}") = "GetVersion", "getver\GetVersion.vcproj", "{BDA3EE37-794D-4D26-A1B3-B142B8B0AAC1}"
EndProject
Project("{8BC9CEB8-8B4A-11D0-8D11-00A0C91BC942}") = "header", "header\header.vcproj", "{718FF087-4E59-42BE-9FCA-29AA62CDABA9}"
EndProject
Project("{8BC9CEB8-8B4A-11D0-8D11-00A0C91BC942}") = "FEWizard", "fewizard\FEWizard.vcproj", "{E8D09E0D-780B-4D85-B0CC-4567D91FBEAF}"
EndProject
Project("{8BC9CEB8-8B4A-11D0-8D11-00A0C91BC942}") = "MakeSFX", "makesfx\MakeSFX.vcproj", "{B241BF94-A01F-4F63-9BEB-E9D80D4C7C93}"
EndProject
Global
	GlobalSection(SolutionConfigurationPlatforms) = preSolution
		Debug_CAB|Win32 = Debug_CAB|Win32
		Debug|Win32 = Debug|Win32
		Release_CAB|Win32 = Release_CAB|Win32
		Release|Win32 = Release|Win32
	EndGlobalSection
	GlobalSection(ProjectConfigurationPlatforms) = postSolution
		{BDA3EE37-794D-4D26-A1B3-B142B8B0AAC1}.Debug_CAB|Win32.ActiveCfg = Release|Win32
		{BDA3EE37-794D-4D26-A1B3-B142B8B0AAC1}.Debug_CAB|Win32.Build.0 = Release|Win32
		{BDA3EE37-794D-4D26-A1B3-B142B8B0AAC1}.Debug|Win32.ActiveCfg = Release|Win32
		{BDA3EE37-794D-4D26-A1B3-B142B8B0AAC1}.Debug|Win32.Build.0 = Release|Win32
		{BDA3EE37-794D-4D26-A1B3-B142B8B0AAC1}.Release_CAB|Win32.ActiveCfg = Release|Win32
		{BDA3EE37-794D-4D26-A1B3-B142B8B0AAC1}.Release_CAB|Win32.Build.0 = Release|Win32
		{BDA3EE37-794D-4D26-A1B3-B142B8B0AAC1}.Release|Win32.ActiveCfg = Release|Win32
		{BDA3EE37-794D-4D26-A1B3-B142B8B0AAC1}.Release|Win32.Build.0 = Release|Win32
		{718FF087-4E59-42BE-9FCA-29AA62CDABA9}.Debug_CAB|Win32.ActiveCfg = Debug_CAB|Win32
		{718FF087-4E59-42BE-9FCA-29AA62CDABA9}.Debug_CAB|Win32.Build.0 = Debug_CAB|Win32
		{718FF087-4E59-42BE-9FCA-29AA62CDABA9}.Debug|Win32.ActiveCfg = Debug|Win32
		{718FF087-4E59-42BE-9FCA-29AA62CDABA9}.Debug|Win32.Build.0 = Debug|Win32
		{718FF087-4E59-42BE-9FCA-29AA62CDABA9}.Release_CAB|Win32.ActiveCfg = Release_CAB|Win32
		{718FF087-4E59-42BE-9FCA-29AA62CDABA9}.Release_CAB|Win32.Build.0 = Release_CAB|Win32
		{718FF087-4E59-42BE-9FCA-29AA62CDABA9}.Release|Win32.ActiveCfg = Release|Win32
		{718FF087-4E59-42BE-9FCA-29AA62CDABA9}.Release|Win32.Build.0 = Release|Win32
		{E8D09E0D-780B-4D85-B0CC-4567D91FBEAF}.Debug_CAB|Win32.ActiveCfg = Debug|Win32
		{E8D09E0D-780B-4D85-B0CC-4567D91FBEAF}.Debug_CAB|Win32.Build.0 = Debug|Win32
		{E8D09E0D-780B-4D85-B0CC-4567D91FBEAF}.Debug|Win32.ActiveCfg = Debug|Win32
		{E8D09E0D-780B-4D85-B0CC-4567D91FBEAF}.Debug|Win32.Build.0 = Debug|Win32
		{E8D09E0D-780B-4D85-B0CC-4567D91FBEAF}.Release_CAB|Win32.ActiveCfg = Release|Win32
		{E8D09E0D-780B-4D85-B0CC-4567D91FBEAF}.Release_CAB|Win32.Build.0 = Release|Win32
		{E8D09E0D-780B-4D85-B0CC-4567D91FBEAF}.Release|Win32.ActiveCfg = Release|Win32
		{E8D09E0D-780B-4D85-B0CC-4567D91FBEAF}.Release|Win32.Build.0 = Release|Win32
		{B241BF94-A01F-4F63-9BEB-E9D80D4C7C93}.Debug_CAB|Win32.ActiveCfg = Debug|Win32
		{B241BF94-A01F-4F63-9BEB-E9D80D4C7C93}.Debug_CAB|Win32.Build.0 = Debug|Win32
		{B241BF94-A01F-4F63-9BEB-E9D80D4C7C93}.Debug|Win32.ActiveCfg = Debug|Win32
		{B241BF94-A01F-4F63-9BEB-E9D80D4C7C93}.Debug|Win32.Build.0 = Debug|Win32
		{B241BF94-A01F-4F63-9BEB-E9D80D4C7C93}.Release_CAB|Win32.ActiveCfg = Release|Win32
		{B241BF94-A01F-4F63-9BEB-E9D80D4C7C93}.Release_CAB|Win32.Build.0 = Release|Win32
		{B241BF94-A01F-4F63-9BEB-E9D80D4C7C93}.Release|Win32.ActiveCfg = Release|Win32
		{B241BF94-A01F-4F63-9BEB-E9D80D4C7C93}.Release|Win32.Build.0 = Release|Win32
	EndGlobalSection
	GlobalSection(SolutionProperties) = preSolution
		HideSolutionNode = FALSE
	EndGlobalSection
EndGlobal
